
Microsoft Visual Studio Solution File, Format Version 12.00
# Visual Studio Version 16
VisualStudioVersion = 16.0.29709.97
MinimumVisualStudioVersion = 10.0.40219.1
Project("{9A19103F-16F7-4668-BE54-9A1E7A4F7556}") = "DDD.EscapeRoom.Core", "DDD.EscapeRoom.Core\DDD.EscapeRoom.Core.csproj", "{B29D4232-CD40-4869-9464-1FD5C75E42DB}"
EndProject
Project("{9A19103F-16F7-4668-BE54-9A1E7A4F7556}") = "DDD.EscapeRoom.ConsoleTest", "DDD.EscapeRoom.ConsoleTest\DDD.EscapeRoom.ConsoleTest.csproj", "{EE74B8C6-9F8F-45F8-93C9-129E647AD4AB}"
EndProject
Project("{9A19103F-16F7-4668-BE54-9A1E7A4F7556}") = "DDD.SharedKernel", "DDD.SharedKernel\DDD.SharedKernel.csproj", "{EF965504-F16D-4564-9F09-194F34E8AF10}"
EndProject
Global
	GlobalSection(SolutionConfigurationPlatforms) = preSolution
		Debug|Any CPU = Debug|Any CPU
		Release|Any CPU = Release|Any CPU
	EndGlobalSection
	GlobalSection(ProjectConfigurationPlatforms) = postSolution
		{B29D4232-CD40-4869-9464-1FD5C75E42DB}.Debug|Any CPU.ActiveCfg = Debug|Any CPU
		{B29D4232-CD40-4869-9464-1FD5C75E42DB}.Debug|Any CPU.Build.0 = Debug|Any CPU
		{B29D4232-CD40-4869-9464-1FD5C75E42DB}.Release|Any CPU.ActiveCfg = Release|Any CPU
		{B29D4232-CD40-4869-9464-1FD5C75E42DB}.Release|Any CPU.Build.0 = Release|Any CPU
		{EE74B8C6-9F8F-45F8-93C9-129E647AD4AB}.Debug|Any CPU.ActiveCfg = Debug|Any CPU
		{EE74B8C6-9F8F-45F8-93C9-129E647AD4AB}.Debug|Any CPU.Build.0 = Debug|Any CPU
		{EE74B8C6-9F8F-45F8-93C9-129E647AD4AB}.Release|Any CPU.ActiveCfg = Release|Any CPU
		{EE74B8C6-9F8F-45F8-93C9-129E647AD4AB}.Release|Any CPU.Build.0 = Release|Any CPU
		{EF965504-F16D-4564-9F09-194F34E8AF10}.Debug|Any CPU.ActiveCfg = Debug|Any CPU
		{EF965504-F16D-4564-9F09-194F34E8AF10}.Debug|Any CPU.Build.0 = Debug|Any CPU
		{EF965504-F16D-4564-9F09-194F34E8AF10}.Release|Any CPU.ActiveCfg = Release|Any CPU
		{EF965504-F16D-4564-9F09-194F34E8AF10}.Release|Any CPU.Build.0 = Release|Any CPU
	EndGlobalSection
	GlobalSection(SolutionProperties) = preSolution
		HideSolutionNode = FALSE
	EndGlobalSection
	GlobalSection(ExtensibilityGlobals) = postSolution
		SolutionGuid = {B2BD7E13-4CD3-41EF-9DC6-704104C2C135}
	EndGlobalSection
EndGlobal
